
Microsoft Visual Studio Solution File, Format Version 12.00
# Visual Studio Version 16
VisualStudioVersion = 16.0.30204.135
MinimumVisualStudioVersion = 10.0.40219.1
Project("{2150E333-8FDC-42A3-9474-1A3956D46DE8}") = "Services", "Services", "{067AC729-0B8F-4C48-B96C-1CFB3C18408C}"
EndProject
Project("{2150E333-8FDC-42A3-9474-1A3956D46DE8}") = "Shared", "Shared", "{69D732C5-D24C-4691-8122-6666073A1607}"
EndProject
Project("{2150E333-8FDC-42A3-9474-1A3956D46DE8}") = "GateWays", "GateWays", "{59CEA5D0-5619-4466-AAC7-159E43F967C4}"
EndProject
Project("{2150E333-8FDC-42A3-9474-1A3956D46DE8}") = "WebAPPs", "WebAPPs", "{757BC9E9-3141-42B2-B81C-AAA88DA1EC1E}"
EndProject
Project("{2150E333-8FDC-42A3-9474-1A3956D46DE8}") = "SPA", "SPA", "{E32A03DE-A555-4448-A739-ADF3CD57446D}"
EndProject
Project("{2150E333-8FDC-42A3-9474-1A3956D46DE8}") = "Extensions", "Extensions", "{3EC2ADB7-4F54-4C6D-BB56-9089A4BF4DAE}"
EndProject
Project("{2150E333-8FDC-42A3-9474-1A3956D46DE8}") = "Utilities", "Utilities", "{1CED811A-B7DE-4E98-852C-DDA2549C21E4}"
EndProject
Project("{2150E333-8FDC-42A3-9474-1A3956D46DE8}") = "Models", "Models", "{00CCDBEA-2D72-4C8E-875D-CD87803A36FA}"
EndProject
Project("{2150E333-8FDC-42A3-9474-1A3956D46DE8}") = "Services", "Services", "{76BF2EE1-331B-41C0-888E-6DA142310317}"
EndProject
Project("{2150E333-8FDC-42A3-9474-1A3956D46DE8}") = "Exceptions", "Exceptions", "{A3BC97D3-43AE-4CFE-80A3-4C384B4079DE}"
EndProject
Project("{9A19103F-16F7-4668-BE54-9A1E7A4F7556}") = "DataManagerExceptions", "Shared\Exceptions\DataManagerExceptions\DataManagerExceptions.csproj", "{3A3DB524-2E52-4B2E-8600-62D927433274}"
EndProject
Project("{9A19103F-16F7-4668-BE54-9A1E7A4F7556}") = "HttpMessageConverter.JSON", "Shared\Extensions\HttpClient.Extensions.JSON\HttpMessageConverter.JSON.csproj", "{725DF76C-86F0-484B-8846-B02ACD4373AE}"
EndProject
Project("{9A19103F-16F7-4668-BE54-9A1E7A4F7556}") = "HttpMessage.URIHelpers", "Shared\Extensions\HttpMessage.URIHelpers\HttpMessage.URIHelpers.csproj", "{495042A4-1163-4C7E-A2F6-C344FD0C6BF4}"
EndProject
Project("{9A19103F-16F7-4668-BE54-9A1E7A4F7556}") = "Pagination", "Shared\Extensions\Pagination\Pagination.csproj", "{80EBDAA7-9AE9-4223-A506-936317F06484}"
EndProject
Project("{9A19103F-16F7-4668-BE54-9A1E7A4F7556}") = "Services.SharedBases", "Shared\Services\Services.SharedBases\Services.SharedBases.csproj", "{17CB4717-7469-4727-8F3B-48D06E23AB05}"
EndProject
Project("{9A19103F-16F7-4668-BE54-9A1E7A4F7556}") = "Auth.Extensions", "Shared\Services\Auth.Extensions\Auth.Extensions\Auth.Extensions.csproj", "{A08C2350-88FC-44CA-BFC5-9CE26C28E073}"
EndProject
Global
	GlobalSection(SolutionConfigurationPlatforms) = preSolution
		Debug|Any CPU = Debug|Any CPU
		Release|Any CPU = Release|Any CPU
	EndGlobalSection
	GlobalSection(ProjectConfigurationPlatforms) = postSolution
		{3A3DB524-2E52-4B2E-8600-62D927433274}.Debug|Any CPU.ActiveCfg = Debug|Any CPU
		{3A3DB524-2E52-4B2E-8600-62D927433274}.Debug|Any CPU.Build.0 = Debug|Any CPU
		{3A3DB524-2E52-4B2E-8600-62D927433274}.Release|Any CPU.ActiveCfg = Release|Any CPU
		{3A3DB524-2E52-4B2E-8600-62D927433274}.Release|Any CPU.Build.0 = Release|Any CPU
		{725DF76C-86F0-484B-8846-B02ACD4373AE}.Debug|Any CPU.ActiveCfg = Debug|Any CPU
		{725DF76C-86F0-484B-8846-B02ACD4373AE}.Debug|Any CPU.Build.0 = Debug|Any CPU
		{725DF76C-86F0-484B-8846-B02ACD4373AE}.Release|Any CPU.ActiveCfg = Release|Any CPU
		{725DF76C-86F0-484B-8846-B02ACD4373AE}.Release|Any CPU.Build.0 = Release|Any CPU
		{495042A4-1163-4C7E-A2F6-C344FD0C6BF4}.Debug|Any CPU.ActiveCfg = Debug|Any CPU
		{495042A4-1163-4C7E-A2F6-C344FD0C6BF4}.Debug|Any CPU.Build.0 = Debug|Any CPU
		{495042A4-1163-4C7E-A2F6-C344FD0C6BF4}.Release|Any CPU.ActiveCfg = Release|Any CPU
		{495042A4-1163-4C7E-A2F6-C344FD0C6BF4}.Release|Any CPU.Build.0 = Release|Any CPU
		{80EBDAA7-9AE9-4223-A506-936317F06484}.Debug|Any CPU.ActiveCfg = Debug|Any CPU
		{80EBDAA7-9AE9-4223-A506-936317F06484}.Debug|Any CPU.Build.0 = Debug|Any CPU
		{80EBDAA7-9AE9-4223-A506-936317F06484}.Release|Any CPU.ActiveCfg = Release|Any CPU
		{80EBDAA7-9AE9-4223-A506-936317F06484}.Release|Any CPU.Build.0 = Release|Any CPU
		{17CB4717-7469-4727-8F3B-48D06E23AB05}.Debug|Any CPU.ActiveCfg = Debug|Any CPU
		{17CB4717-7469-4727-8F3B-48D06E23AB05}.Debug|Any CPU.Build.0 = Debug|Any CPU
		{17CB4717-7469-4727-8F3B-48D06E23AB05}.Release|Any CPU.ActiveCfg = Release|Any CPU
		{17CB4717-7469-4727-8F3B-48D06E23AB05}.Release|Any CPU.Build.0 = Release|Any CPU
		{A08C2350-88FC-44CA-BFC5-9CE26C28E073}.Debug|Any CPU.ActiveCfg = Debug|Any CPU
		{A08C2350-88FC-44CA-BFC5-9CE26C28E073}.Debug|Any CPU.Build.0 = Debug|Any CPU
		{A08C2350-88FC-44CA-BFC5-9CE26C28E073}.Release|Any CPU.ActiveCfg = Release|Any CPU
		{A08C2350-88FC-44CA-BFC5-9CE26C28E073}.Release|Any CPU.Build.0 = Release|Any CPU
	EndGlobalSection
	GlobalSection(SolutionProperties) = preSolution
		HideSolutionNode = FALSE
	EndGlobalSection
	GlobalSection(NestedProjects) = preSolution
		{E32A03DE-A555-4448-A739-ADF3CD57446D} = {757BC9E9-3141-42B2-B81C-AAA88DA1EC1E}
		{3EC2ADB7-4F54-4C6D-BB56-9089A4BF4DAE} = {69D732C5-D24C-4691-8122-6666073A1607}
		{1CED811A-B7DE-4E98-852C-DDA2549C21E4} = {69D732C5-D24C-4691-8122-6666073A1607}
		{00CCDBEA-2D72-4C8E-875D-CD87803A36FA} = {69D732C5-D24C-4691-8122-6666073A1607}
		{76BF2EE1-331B-41C0-888E-6DA142310317} = {69D732C5-D24C-4691-8122-6666073A1607}
		{A3BC97D3-43AE-4CFE-80A3-4C384B4079DE} = {69D732C5-D24C-4691-8122-6666073A1607}
		{3A3DB524-2E52-4B2E-8600-62D927433274} = {A3BC97D3-43AE-4CFE-80A3-4C384B4079DE}
		{725DF76C-86F0-484B-8846-B02ACD4373AE} = {3EC2ADB7-4F54-4C6D-BB56-9089A4BF4DAE}
		{495042A4-1163-4C7E-A2F6-C344FD0C6BF4} = {3EC2ADB7-4F54-4C6D-BB56-9089A4BF4DAE}
		{80EBDAA7-9AE9-4223-A506-936317F06484} = {3EC2ADB7-4F54-4C6D-BB56-9089A4BF4DAE}
		{17CB4717-7469-4727-8F3B-48D06E23AB05} = {76BF2EE1-331B-41C0-888E-6DA142310317}
		{A08C2350-88FC-44CA-BFC5-9CE26C28E073} = {76BF2EE1-331B-41C0-888E-6DA142310317}
	EndGlobalSection
	GlobalSection(ExtensibilityGlobals) = postSolution
		SolutionGuid = {A0867F26-DA47-4921-B35B-FA9257B36136}
	EndGlobalSection
EndGlobal
