
Microsoft Visual Studio Solution File, Format Version 12.00
# Visual Studio Version 16
VisualStudioVersion = 16.0.30204.135
MinimumVisualStudioVersion = 10.0.40219.1
Project("{2150E333-8FDC-42A3-9474-1A3956D46DE8}") = "Services", "Services", "{067AC729-0B8F-4C48-B96C-1CFB3C18408C}"
EndProject
Project("{2150E333-8FDC-42A3-9474-1A3956D46DE8}") = "Shared", "Shared", "{69D732C5-D24C-4691-8122-6666073A1607}"
EndProject
Project("{2150E333-8FDC-42A3-9474-1A3956D46DE8}") = "GateWays", "GateWays", "{59CEA5D0-5619-4466-AAC7-159E43F967C4}"
EndProject
Project("{2150E333-8FDC-42A3-9474-1A3956D46DE8}") = "WebAPPs", "WebAPPs", "{757BC9E9-3141-42B2-B81C-AAA88DA1EC1E}"
EndProject
Project("{2150E333-8FDC-42A3-9474-1A3956D46DE8}") = "SPA", "SPA", "{E32A03DE-A555-4448-A739-ADF3CD57446D}"
EndProject
Project("{2150E333-8FDC-42A3-9474-1A3956D46DE8}") = "Extensions", "Extensions", "{3EC2ADB7-4F54-4C6D-BB56-9089A4BF4DAE}"
EndProject
Project("{2150E333-8FDC-42A3-9474-1A3956D46DE8}") = "Utilities", "Utilities", "{1CED811A-B7DE-4E98-852C-DDA2549C21E4}"
EndProject
Project("{2150E333-8FDC-42A3-9474-1A3956D46DE8}") = "Models", "Models", "{00CCDBEA-2D72-4C8E-875D-CD87803A36FA}"
EndProject
Project("{2150E333-8FDC-42A3-9474-1A3956D46DE8}") = "Services", "Services", "{76BF2EE1-331B-41C0-888E-6DA142310317}"
EndProject
Project("{2150E333-8FDC-42A3-9474-1A3956D46DE8}") = "Exceptions", "Exceptions", "{A3BC97D3-43AE-4CFE-80A3-4C384B4079DE}"
EndProject
Project("{9A19103F-16F7-4668-BE54-9A1E7A4F7556}") = "DataManagerExceptions", "Shared\Exceptions\DataManagerExceptions\DataManagerExceptions.csproj", "{3A3DB524-2E52-4B2E-8600-62D927433274}"
EndProject
Project("{9A19103F-16F7-4668-BE54-9A1E7A4F7556}") = "HttpMessageConverter.JSON", "Shared\Extensions\HttpClient.Extensions.JSON\HttpMessageConverter.JSON.csproj", "{725DF76C-86F0-484B-8846-B02ACD4373AE}"
EndProject
Project("{9A19103F-16F7-4668-BE54-9A1E7A4F7556}") = "HttpMessage.URIHelpers", "Shared\Extensions\HttpMessage.URIHelpers\HttpMessage.URIHelpers.csproj", "{495042A4-1163-4C7E-A2F6-C344FD0C6BF4}"
EndProject
Project("{9A19103F-16F7-4668-BE54-9A1E7A4F7556}") = "Pagination", "Shared\Extensions\Pagination\Pagination.csproj", "{80EBDAA7-9AE9-4223-A506-936317F06484}"
EndProject
Project("{9A19103F-16F7-4668-BE54-9A1E7A4F7556}") = "Services.SharedBases", "Shared\Services\Services.SharedBases\Services.SharedBases.csproj", "{17CB4717-7469-4727-8F3B-48D06E23AB05}"
EndProject
Project("{9A19103F-16F7-4668-BE54-9A1E7A4F7556}") = "Auth.Extensions", "Shared\Services\Auth.Extensions\Auth.Extensions\Auth.Extensions.csproj", "{A08C2350-88FC-44CA-BFC5-9CE26C28E073}"
EndProject
Project("{9A19103F-16F7-4668-BE54-9A1E7A4F7556}") = "Blazor.WASM", "WebAPPs\SPA\Blazor.WASM\Blazor.WASM.csproj", "{CD770584-BE71-4735-8C24-76E09B9F1E26}"
EndProject
Project("{2150E333-8FDC-42A3-9474-1A3956D46DE8}") = "Identity", "Identity", "{8F829904-7D19-41E9-8D22-6208DFE2CF90}"
EndProject
Project("{2150E333-8FDC-42A3-9474-1A3956D46DE8}") = "Blog", "Blog", "{DBF836B6-4E22-4833-8A4B-DF582900BD45}"
EndProject
Project("{2150E333-8FDC-42A3-9474-1A3956D46DE8}") = "Project", "Project", "{CFF7977F-DCA2-4430-96AA-1C48537C3521}"
EndProject
Project("{2150E333-8FDC-42A3-9474-1A3956D46DE8}") = "Tender", "Tender", "{CF3B1572-901F-407F-A96C-E1417D12073C}"
EndProject
Project("{2150E333-8FDC-42A3-9474-1A3956D46DE8}") = "Tests", "Tests", "{E64F4C81-3E2F-4C01-8349-7C263193CF86}"
EndProject
Project("{FAE04EC0-301F-11D3-BF4B-00C04F79EFBC}") = "Tender.API", "Services\Tender\Tender.API\Tender.API.csproj", "{10859A8F-780B-448D-A94F-69096E0DADA7}"
EndProject
Project("{2150E333-8FDC-42A3-9474-1A3956D46DE8}") = "Tests", "Tests", "{C911CDF3-4234-4D59-A6A5-80B29438DC4C}"
EndProject
Project("{2150E333-8FDC-42A3-9474-1A3956D46DE8}") = "Tests", "Tests", "{312F3264-DA31-40F3-B7B8-C3BCBC0751C0}"
EndProject
Project("{2150E333-8FDC-42A3-9474-1A3956D46DE8}") = "Tests", "Tests", "{AB956BD9-7E82-48F8-8220-5603E03DD94D}"
EndProject
Project("{FAE04EC0-301F-11D3-BF4B-00C04F79EFBC}") = "Project.API", "Services\Project\Project.API\Project.API.csproj", "{6F678D14-66EE-4222-A6AC-B341B78E92E8}"
EndProject
Project("{FAE04EC0-301F-11D3-BF4B-00C04F79EFBC}") = "Blog.API", "Services\Blog\Blog.API\Blog.API.csproj", "{BC535339-883A-4E0D-9EB0-53280C6DDADB}"
EndProject
Project("{FAE04EC0-301F-11D3-BF4B-00C04F79EFBC}") = "Identity.API", "Services\Identity\Identity.API\Identity.API.csproj", "{C055404D-D5FF-411D-8E79-A209BAAB1F62}"
EndProject
Project("{FAE04EC0-301F-11D3-BF4B-00C04F79EFBC}") = "Blog.Tests.API", "Services\Blog\Tests\Blog.Tests.API\Blog.Tests.API.csproj", "{7825C9F7-5A6B-4938-9FDB-74E778DC1F1A}"
EndProject
Project("{FAE04EC0-301F-11D3-BF4B-00C04F79EFBC}") = "Identity.Tests.API", "Services\Identity\Tests\Identity.Tests.API\Identity.Tests.API.csproj", "{6EBF7ABA-3EDB-4196-B139-22B002F72F4F}"
EndProject
Project("{FAE04EC0-301F-11D3-BF4B-00C04F79EFBC}") = "Project.Tests.API", "Services\Project\Tests\Project.Tests.API\Project.Tests.API.csproj", "{C2731A81-10FC-4651-934D-9AEE3F8D0CB6}"
EndProject
Project("{FAE04EC0-301F-11D3-BF4B-00C04F79EFBC}") = "Tender.Tests.API", "Services\Tender\Tests\Tender.Tests.API\Tender.Tests.API.csproj", "{D6C5A3F0-9241-466C-BDE8-712F12FCD29C}"
EndProject
Global
	GlobalSection(SolutionConfigurationPlatforms) = preSolution
		Debug|Any CPU = Debug|Any CPU
		Release|Any CPU = Release|Any CPU
	EndGlobalSection
	GlobalSection(ProjectConfigurationPlatforms) = postSolution
		{3A3DB524-2E52-4B2E-8600-62D927433274}.Debug|Any CPU.ActiveCfg = Debug|Any CPU
		{3A3DB524-2E52-4B2E-8600-62D927433274}.Debug|Any CPU.Build.0 = Debug|Any CPU
		{3A3DB524-2E52-4B2E-8600-62D927433274}.Release|Any CPU.ActiveCfg = Release|Any CPU
		{3A3DB524-2E52-4B2E-8600-62D927433274}.Release|Any CPU.Build.0 = Release|Any CPU
		{725DF76C-86F0-484B-8846-B02ACD4373AE}.Debug|Any CPU.ActiveCfg = Debug|Any CPU
		{725DF76C-86F0-484B-8846-B02ACD4373AE}.Debug|Any CPU.Build.0 = Debug|Any CPU
		{725DF76C-86F0-484B-8846-B02ACD4373AE}.Release|Any CPU.ActiveCfg = Release|Any CPU
		{725DF76C-86F0-484B-8846-B02ACD4373AE}.Release|Any CPU.Build.0 = Release|Any CPU
		{495042A4-1163-4C7E-A2F6-C344FD0C6BF4}.Debug|Any CPU.ActiveCfg = Debug|Any CPU
		{495042A4-1163-4C7E-A2F6-C344FD0C6BF4}.Debug|Any CPU.Build.0 = Debug|Any CPU
		{495042A4-1163-4C7E-A2F6-C344FD0C6BF4}.Release|Any CPU.ActiveCfg = Release|Any CPU
		{495042A4-1163-4C7E-A2F6-C344FD0C6BF4}.Release|Any CPU.Build.0 = Release|Any CPU
		{80EBDAA7-9AE9-4223-A506-936317F06484}.Debug|Any CPU.ActiveCfg = Debug|Any CPU
		{80EBDAA7-9AE9-4223-A506-936317F06484}.Debug|Any CPU.Build.0 = Debug|Any CPU
		{80EBDAA7-9AE9-4223-A506-936317F06484}.Release|Any CPU.ActiveCfg = Release|Any CPU
		{80EBDAA7-9AE9-4223-A506-936317F06484}.Release|Any CPU.Build.0 = Release|Any CPU
		{17CB4717-7469-4727-8F3B-48D06E23AB05}.Debug|Any CPU.ActiveCfg = Debug|Any CPU
		{17CB4717-7469-4727-8F3B-48D06E23AB05}.Debug|Any CPU.Build.0 = Debug|Any CPU
		{17CB4717-7469-4727-8F3B-48D06E23AB05}.Release|Any CPU.ActiveCfg = Release|Any CPU
		{17CB4717-7469-4727-8F3B-48D06E23AB05}.Release|Any CPU.Build.0 = Release|Any CPU
		{A08C2350-88FC-44CA-BFC5-9CE26C28E073}.Debug|Any CPU.ActiveCfg = Debug|Any CPU
		{A08C2350-88FC-44CA-BFC5-9CE26C28E073}.Debug|Any CPU.Build.0 = Debug|Any CPU
		{A08C2350-88FC-44CA-BFC5-9CE26C28E073}.Release|Any CPU.ActiveCfg = Release|Any CPU
		{A08C2350-88FC-44CA-BFC5-9CE26C28E073}.Release|Any CPU.Build.0 = Release|Any CPU
		{CD770584-BE71-4735-8C24-76E09B9F1E26}.Debug|Any CPU.ActiveCfg = Debug|Any CPU
		{CD770584-BE71-4735-8C24-76E09B9F1E26}.Debug|Any CPU.Build.0 = Debug|Any CPU
		{CD770584-BE71-4735-8C24-76E09B9F1E26}.Release|Any CPU.ActiveCfg = Release|Any CPU
		{CD770584-BE71-4735-8C24-76E09B9F1E26}.Release|Any CPU.Build.0 = Release|Any CPU
		{10859A8F-780B-448D-A94F-69096E0DADA7}.Debug|Any CPU.ActiveCfg = Debug|Any CPU
		{10859A8F-780B-448D-A94F-69096E0DADA7}.Debug|Any CPU.Build.0 = Debug|Any CPU
		{10859A8F-780B-448D-A94F-69096E0DADA7}.Release|Any CPU.ActiveCfg = Release|Any CPU
		{10859A8F-780B-448D-A94F-69096E0DADA7}.Release|Any CPU.Build.0 = Release|Any CPU
		{6F678D14-66EE-4222-A6AC-B341B78E92E8}.Debug|Any CPU.ActiveCfg = Debug|Any CPU
		{6F678D14-66EE-4222-A6AC-B341B78E92E8}.Debug|Any CPU.Build.0 = Debug|Any CPU
		{6F678D14-66EE-4222-A6AC-B341B78E92E8}.Release|Any CPU.ActiveCfg = Release|Any CPU
		{6F678D14-66EE-4222-A6AC-B341B78E92E8}.Release|Any CPU.Build.0 = Release|Any CPU
		{BC535339-883A-4E0D-9EB0-53280C6DDADB}.Debug|Any CPU.ActiveCfg = Debug|Any CPU
		{BC535339-883A-4E0D-9EB0-53280C6DDADB}.Debug|Any CPU.Build.0 = Debug|Any CPU
		{BC535339-883A-4E0D-9EB0-53280C6DDADB}.Release|Any CPU.ActiveCfg = Release|Any CPU
		{BC535339-883A-4E0D-9EB0-53280C6DDADB}.Release|Any CPU.Build.0 = Release|Any CPU
		{C055404D-D5FF-411D-8E79-A209BAAB1F62}.Debug|Any CPU.ActiveCfg = Debug|Any CPU
		{C055404D-D5FF-411D-8E79-A209BAAB1F62}.Debug|Any CPU.Build.0 = Debug|Any CPU
		{C055404D-D5FF-411D-8E79-A209BAAB1F62}.Release|Any CPU.ActiveCfg = Release|Any CPU
		{C055404D-D5FF-411D-8E79-A209BAAB1F62}.Release|Any CPU.Build.0 = Release|Any CPU
		{7825C9F7-5A6B-4938-9FDB-74E778DC1F1A}.Debug|Any CPU.ActiveCfg = Debug|Any CPU
		{7825C9F7-5A6B-4938-9FDB-74E778DC1F1A}.Debug|Any CPU.Build.0 = Debug|Any CPU
		{7825C9F7-5A6B-4938-9FDB-74E778DC1F1A}.Release|Any CPU.ActiveCfg = Release|Any CPU
		{7825C9F7-5A6B-4938-9FDB-74E778DC1F1A}.Release|Any CPU.Build.0 = Release|Any CPU
		{6EBF7ABA-3EDB-4196-B139-22B002F72F4F}.Debug|Any CPU.ActiveCfg = Debug|Any CPU
		{6EBF7ABA-3EDB-4196-B139-22B002F72F4F}.Debug|Any CPU.Build.0 = Debug|Any CPU
		{6EBF7ABA-3EDB-4196-B139-22B002F72F4F}.Release|Any CPU.ActiveCfg = Release|Any CPU
		{6EBF7ABA-3EDB-4196-B139-22B002F72F4F}.Release|Any CPU.Build.0 = Release|Any CPU
		{C2731A81-10FC-4651-934D-9AEE3F8D0CB6}.Debug|Any CPU.ActiveCfg = Debug|Any CPU
		{C2731A81-10FC-4651-934D-9AEE3F8D0CB6}.Debug|Any CPU.Build.0 = Debug|Any CPU
		{C2731A81-10FC-4651-934D-9AEE3F8D0CB6}.Release|Any CPU.ActiveCfg = Release|Any CPU
		{C2731A81-10FC-4651-934D-9AEE3F8D0CB6}.Release|Any CPU.Build.0 = Release|Any CPU
		{D6C5A3F0-9241-466C-BDE8-712F12FCD29C}.Debug|Any CPU.ActiveCfg = Debug|Any CPU
		{D6C5A3F0-9241-466C-BDE8-712F12FCD29C}.Debug|Any CPU.Build.0 = Debug|Any CPU
		{D6C5A3F0-9241-466C-BDE8-712F12FCD29C}.Release|Any CPU.ActiveCfg = Release|Any CPU
		{D6C5A3F0-9241-466C-BDE8-712F12FCD29C}.Release|Any CPU.Build.0 = Release|Any CPU
	EndGlobalSection
	GlobalSection(SolutionProperties) = preSolution
		HideSolutionNode = FALSE
	EndGlobalSection
	GlobalSection(NestedProjects) = preSolution
		{E32A03DE-A555-4448-A739-ADF3CD57446D} = {757BC9E9-3141-42B2-B81C-AAA88DA1EC1E}
		{3EC2ADB7-4F54-4C6D-BB56-9089A4BF4DAE} = {69D732C5-D24C-4691-8122-6666073A1607}
		{1CED811A-B7DE-4E98-852C-DDA2549C21E4} = {69D732C5-D24C-4691-8122-6666073A1607}
		{00CCDBEA-2D72-4C8E-875D-CD87803A36FA} = {69D732C5-D24C-4691-8122-6666073A1607}
		{76BF2EE1-331B-41C0-888E-6DA142310317} = {69D732C5-D24C-4691-8122-6666073A1607}
		{A3BC97D3-43AE-4CFE-80A3-4C384B4079DE} = {69D732C5-D24C-4691-8122-6666073A1607}
		{3A3DB524-2E52-4B2E-8600-62D927433274} = {A3BC97D3-43AE-4CFE-80A3-4C384B4079DE}
		{725DF76C-86F0-484B-8846-B02ACD4373AE} = {3EC2ADB7-4F54-4C6D-BB56-9089A4BF4DAE}
		{495042A4-1163-4C7E-A2F6-C344FD0C6BF4} = {3EC2ADB7-4F54-4C6D-BB56-9089A4BF4DAE}
		{80EBDAA7-9AE9-4223-A506-936317F06484} = {3EC2ADB7-4F54-4C6D-BB56-9089A4BF4DAE}
		{17CB4717-7469-4727-8F3B-48D06E23AB05} = {76BF2EE1-331B-41C0-888E-6DA142310317}
		{A08C2350-88FC-44CA-BFC5-9CE26C28E073} = {76BF2EE1-331B-41C0-888E-6DA142310317}
		{CD770584-BE71-4735-8C24-76E09B9F1E26} = {E32A03DE-A555-4448-A739-ADF3CD57446D}
		{8F829904-7D19-41E9-8D22-6208DFE2CF90} = {067AC729-0B8F-4C48-B96C-1CFB3C18408C}
		{DBF836B6-4E22-4833-8A4B-DF582900BD45} = {067AC729-0B8F-4C48-B96C-1CFB3C18408C}
		{CFF7977F-DCA2-4430-96AA-1C48537C3521} = {067AC729-0B8F-4C48-B96C-1CFB3C18408C}
		{CF3B1572-901F-407F-A96C-E1417D12073C} = {067AC729-0B8F-4C48-B96C-1CFB3C18408C}
		{E64F4C81-3E2F-4C01-8349-7C263193CF86} = {CF3B1572-901F-407F-A96C-E1417D12073C}
		{10859A8F-780B-448D-A94F-69096E0DADA7} = {CF3B1572-901F-407F-A96C-E1417D12073C}
		{C911CDF3-4234-4D59-A6A5-80B29438DC4C} = {CFF7977F-DCA2-4430-96AA-1C48537C3521}
		{312F3264-DA31-40F3-B7B8-C3BCBC0751C0} = {8F829904-7D19-41E9-8D22-6208DFE2CF90}
		{AB956BD9-7E82-48F8-8220-5603E03DD94D} = {DBF836B6-4E22-4833-8A4B-DF582900BD45}
		{6F678D14-66EE-4222-A6AC-B341B78E92E8} = {CFF7977F-DCA2-4430-96AA-1C48537C3521}
		{BC535339-883A-4E0D-9EB0-53280C6DDADB} = {DBF836B6-4E22-4833-8A4B-DF582900BD45}
		{C055404D-D5FF-411D-8E79-A209BAAB1F62} = {8F829904-7D19-41E9-8D22-6208DFE2CF90}
		{7825C9F7-5A6B-4938-9FDB-74E778DC1F1A} = {AB956BD9-7E82-48F8-8220-5603E03DD94D}
		{6EBF7ABA-3EDB-4196-B139-22B002F72F4F} = {312F3264-DA31-40F3-B7B8-C3BCBC0751C0}
		{C2731A81-10FC-4651-934D-9AEE3F8D0CB6} = {C911CDF3-4234-4D59-A6A5-80B29438DC4C}
		{D6C5A3F0-9241-466C-BDE8-712F12FCD29C} = {E64F4C81-3E2F-4C01-8349-7C263193CF86}
	EndGlobalSection
	GlobalSection(ExtensibilityGlobals) = postSolution
		SolutionGuid = {A0867F26-DA47-4921-B35B-FA9257B36136}
	EndGlobalSection
EndGlobal
